
Microsoft Visual Studio Solution File, Format Version 12.00
# Visual Studio Version 16
VisualStudioVersion = 16.0.31019.35
MinimumVisualStudioVersion = 10.0.40219.1
Project("{F184B08F-C81C-45F6-A57F-5ABD9991F28F}") = "SerializeObjects", "SerializeObjects\SerializeObjects.vbproj", "{A5ADE6F7-FE2E-4BDF-9B12-17947BAB5836}"
EndProject
Global
	GlobalSection(SolutionConfigurationPlatforms) = preSolution
		Debug|Any CPU = Debug|Any CPU
		Release|Any CPU = Release|Any CPU
	EndGlobalSection
	GlobalSection(ProjectConfigurationPlatforms) = postSolution
		{A5ADE6F7-FE2E-4BDF-9B12-17947BAB5836}.Debug|Any CPU.ActiveCfg = Debug|Any CPU
		{A5ADE6F7-FE2E-4BDF-9B12-17947BAB5836}.Debug|Any CPU.Build.0 = Debug|Any CPU
		{A5ADE6F7-FE2E-4BDF-9B12-17947BAB5836}.Release|Any CPU.ActiveCfg = Release|Any CPU
		{A5ADE6F7-FE2E-4BDF-9B12-17947BAB5836}.Release|Any CPU.Build.0 = Release|Any CPU
	EndGlobalSection
	GlobalSection(SolutionProperties) = preSolution
		HideSolutionNode = FALSE
	EndGlobalSection
	GlobalSection(ExtensibilityGlobals) = postSolution
		SolutionGuid = {46E76871-3DC5-4575-B381-E6602E65E69F}
	EndGlobalSection
EndGlobal
